
Microsoft Visual Studio Solution File, Format Version 12.00
# Visual Studio Version 16
VisualStudioVersion = 16.0.31025.194
MinimumVisualStudioVersion = 10.0.40219.1
Project("{FAE04EC0-301F-11D3-BF4B-00C04F79EFBC}") = "NDesk.Options.Fork", "..\NDesk.Options\NDesk.Options.Fork\NDesk.Options.Fork.csproj", "{E0C53701-5D81-4CD7-82D6-3E2DD95F363A}"
EndProject
Project("{FAE04EC0-301F-11D3-BF4B-00C04F79EFBC}") = "NDesk.Options.Fork.Test", "..\NDesk.Options\NDesk.Options.Fork.Test\NDesk.Options.Fork.Test.csproj", "{54BF11B9-0258-4B84-8C6D-91D4534EE3C7}"
EndProject
Project("{FAE04EC0-301F-11D3-BF4B-00C04F79EFBC}") = "BadAssMacros", "BadAssMacros.csproj", "{3FA8DA01-5945-4201-8144-B54F90A6AAFC}"
EndProject
Global
	GlobalSection(SolutionConfigurationPlatforms) = preSolution
		Debug|Any CPU = Debug|Any CPU
		Debug|x64 = Debug|x64
		Debug|x86 = Debug|x86
		Release|Any CPU = Release|Any CPU
		Release|x64 = Release|x64
		Release|x86 = Release|x86
	EndGlobalSection
	GlobalSection(ProjectConfigurationPlatforms) = postSolution
		{E0C53701-5D81-4CD7-82D6-3E2DD95F363A}.Debug|Any CPU.ActiveCfg = Debug|Any CPU
		{E0C53701-5D81-4CD7-82D6-3E2DD95F363A}.Debug|Any CPU.Build.0 = Debug|Any CPU
		{E0C53701-5D81-4CD7-82D6-3E2DD95F363A}.Debug|x64.ActiveCfg = Debug|Any CPU
		{E0C53701-5D81-4CD7-82D6-3E2DD95F363A}.Debug|x64.Build.0 = Debug|Any CPU
		{E0C53701-5D81-4CD7-82D6-3E2DD95F363A}.Debug|x86.ActiveCfg = Debug|Any CPU
		{E0C53701-5D81-4CD7-82D6-3E2DD95F363A}.Debug|x86.Build.0 = Debug|Any CPU
		{E0C53701-5D81-4CD7-82D6-3E2DD95F363A}.Release|Any CPU.ActiveCfg = Release|Any CPU
		{E0C53701-5D81-4CD7-82D6-3E2DD95F363A}.Release|Any CPU.Build.0 = Release|Any CPU
		{E0C53701-5D81-4CD7-82D6-3E2DD95F363A}.Release|x64.ActiveCfg = Release|Any CPU
		{E0C53701-5D81-4CD7-82D6-3E2DD95F363A}.Release|x64.Build.0 = Release|Any CPU
		{E0C53701-5D81-4CD7-82D6-3E2DD95F363A}.Release|x86.ActiveCfg = Release|Any CPU
		{E0C53701-5D81-4CD7-82D6-3E2DD95F363A}.Release|x86.Build.0 = Release|Any CPU
		{54BF11B9-0258-4B84-8C6D-91D4534EE3C7}.Debug|Any CPU.ActiveCfg = Debug|Any CPU
		{54BF11B9-0258-4B84-8C6D-91D4534EE3C7}.Debug|Any CPU.Build.0 = Debug|Any CPU
		{54BF11B9-0258-4B84-8C6D-91D4534EE3C7}.Debug|x64.ActiveCfg = Debug|Any CPU
		{54BF11B9-0258-4B84-8C6D-91D4534EE3C7}.Debug|x64.Build.0 = Debug|Any CPU
		{54BF11B9-0258-4B84-8C6D-91D4534EE3C7}.Debug|x86.ActiveCfg = Debug|Any CPU
		{54BF11B9-0258-4B84-8C6D-91D4534EE3C7}.Debug|x86.Build.0 = Debug|Any CPU
		{54BF11B9-0258-4B84-8C6D-91D4534EE3C7}.Release|Any CPU.ActiveCfg = Release|Any CPU
		{54BF11B9-0258-4B84-8C6D-91D4534EE3C7}.Release|Any CPU.Build.0 = Release|Any CPU
		{54BF11B9-0258-4B84-8C6D-91D4534EE3C7}.Release|x64.ActiveCfg = Release|Any CPU
		{54BF11B9-0258-4B84-8C6D-91D4534EE3C7}.Release|x64.Build.0 = Release|Any CPU
		{54BF11B9-0258-4B84-8C6D-91D4534EE3C7}.Release|x86.ActiveCfg = Release|Any CPU
		{54BF11B9-0258-4B84-8C6D-91D4534EE3C7}.Release|x86.Build.0 = Release|Any CPU
		{3FA8DA01-5945-4201-8144-B54F90A6AAFC}.Debug|Any CPU.ActiveCfg = Debug|Any CPU
		{3FA8DA01-5945-4201-8144-B54F90A6AAFC}.Debug|Any CPU.Build.0 = Debug|Any CPU
		{3FA8DA01-5945-4201-8144-B54F90A6AAFC}.Debug|x64.ActiveCfg = Debug|Any CPU
		{3FA8DA01-5945-4201-8144-B54F90A6AAFC}.Debug|x64.Build.0 = Debug|Any CPU
		{3FA8DA01-5945-4201-8144-B54F90A6AAFC}.Debug|x86.ActiveCfg = Debug|Any CPU
		{3FA8DA01-5945-4201-8144-B54F90A6AAFC}.Debug|x86.Build.0 = Debug|Any CPU
		{3FA8DA01-5945-4201-8144-B54F90A6AAFC}.Release|Any CPU.ActiveCfg = Release|Any CPU
		{3FA8DA01-5945-4201-8144-B54F90A6AAFC}.Release|Any CPU.Build.0 = Release|Any CPU
		{3FA8DA01-5945-4201-8144-B54F90A6AAFC}.Release|x64.ActiveCfg = Release|Any CPU
		{3FA8DA01-5945-4201-8144-B54F90A6AAFC}.Release|x64.Build.0 = Release|Any CPU
		{3FA8DA01-5945-4201-8144-B54F90A6AAFC}.Release|x86.ActiveCfg = Release|Any CPU
		{3FA8DA01-5945-4201-8144-B54F90A6AAFC}.Release|x86.Build.0 = Release|Any CPU
	EndGlobalSection
	GlobalSection(SolutionProperties) = preSolution
		HideSolutionNode = FALSE
	EndGlobalSection
	GlobalSection(ExtensibilityGlobals) = postSolution
		SolutionGuid = {F9F92A3D-4988-4C0F-BFEB-22E6AB0FEC33}
	EndGlobalSection
EndGlobal
